
Microsoft Visual Studio Solution File, Format Version 12.00
# Visual Studio 15
VisualStudioVersion = 15.0.28307.572
MinimumVisualStudioVersion = 10.0.40219.1
Project("{9A19103F-16F7-4668-BE54-9A1E7A4F7556}") = "AuthorizationwithApikey", "Authorization\AuthorizationwithApikey.csproj", "{EACA1CB5-C4EA-40DC-8020-F8F3C9DD5015}"
EndProject
Global
	GlobalSection(SolutionConfigurationPlatforms) = preSolution
		Debug|Any CPU = Debug|Any CPU
		Release|Any CPU = Release|Any CPU
	EndGlobalSection
	GlobalSection(ProjectConfigurationPlatforms) = postSolution
		{EACA1CB5-C4EA-40DC-8020-F8F3C9DD5015}.Debug|Any CPU.ActiveCfg = Debug|Any CPU
		{EACA1CB5-C4EA-40DC-8020-F8F3C9DD5015}.Debug|Any CPU.Build.0 = Debug|Any CPU
		{EACA1CB5-C4EA-40DC-8020-F8F3C9DD5015}.Release|Any CPU.ActiveCfg = Release|Any CPU
		{EACA1CB5-C4EA-40DC-8020-F8F3C9DD5015}.Release|Any CPU.Build.0 = Release|Any CPU
	EndGlobalSection
	GlobalSection(SolutionProperties) = preSolution
		HideSolutionNode = FALSE
	EndGlobalSection
	GlobalSection(ExtensibilityGlobals) = postSolution
		SolutionGuid = {68603451-7F26-420C-8479-EA8D66061291}
	EndGlobalSection
EndGlobal
